
Microsoft Visual Studio Solution File, Format Version 12.00
# Visual Studio Version 17
VisualStudioVersion = 17.10.35013.160
MinimumVisualStudioVersion = 10.0.40219.1
Project("{FAE04EC0-301F-11D3-BF4B-00C04F79EFBC}") = "Cajero", "Cajero\Cajero.csproj", "{CEB899AF-12DE-4EFD-94B8-49298F1FBA6D}"
EndProject
Global
	GlobalSection(SolutionConfigurationPlatforms) = preSolution
		Debug|Any CPU = Debug|Any CPU
		Release|Any CPU = Release|Any CPU
	EndGlobalSection
	GlobalSection(ProjectConfigurationPlatforms) = postSolution
		{CEB899AF-12DE-4EFD-94B8-49298F1FBA6D}.Debug|Any CPU.ActiveCfg = Debug|Any CPU
		{CEB899AF-12DE-4EFD-94B8-49298F1FBA6D}.Debug|Any CPU.Build.0 = Debug|Any CPU
		{CEB899AF-12DE-4EFD-94B8-49298F1FBA6D}.Release|Any CPU.ActiveCfg = Release|Any CPU
		{CEB899AF-12DE-4EFD-94B8-49298F1FBA6D}.Release|Any CPU.Build.0 = Release|Any CPU
	EndGlobalSection
	GlobalSection(SolutionProperties) = preSolution
		HideSolutionNode = FALSE
	EndGlobalSection
	GlobalSection(ExtensibilityGlobals) = postSolution
		SolutionGuid = {D040DDC7-D0B7-4B6C-827C-8509D78F3B24}
	EndGlobalSection
EndGlobal
